// !$*UTF8*$!
{
	archiveVersion = 1;
	classes = {
	};
	objectVersion = 55;
	objects = {

/* Begin PBXBuildFile section */
		E60F8BD528D965FF00414868 /* BTViewController.m in Sources */ = {isa = PBXBuildFile; fileRef = E60F8BD428D965FF00414868 /* BTViewController.m */; };
		E60F8BD828D9977100414868 /* NSString+BT.m in Sources */ = {isa = PBXBuildFile; fileRef = E60F8BD728D9977100414868 /* NSString+BT.m */; };
		E60F8BE528D9ACD300414868 /* BTHandler.m in Sources */ = {isa = PBXBuildFile; fileRef = E60F8BE428D9ACD300414868 /* BTHandler.m */; };
		E63DBB9E28D80D1F001497B1 /* AppDelegate.m in Sources */ = {isa = PBXBuildFile; fileRef = E63DBB9D28D80D1F001497B1 /* AppDelegate.m */; };
		E63DBBA128D80D1F001497B1 /* SceneDelegate.m in Sources */ = {isa = PBXBuildFile; fileRef = E63DBBA028D80D1F001497B1 /* SceneDelegate.m */; };
		E63DBBA428D80D1F001497B1 /* ViewController.m in Sources */ = {isa = PBXBuildFile; fileRef = E63DBBA328D80D1F001497B1 /* ViewController.m */; };
		E63DBBA728D80D1F001497B1 /* Main.storyboard in Resources */ = {isa = PBXBuildFile; fileRef = E63DBBA528D80D1F001497B1 /* Main.storyboard */; };
		E63DBBA928D80D21001497B1 /* Assets.xcassets in Resources */ = {isa = PBXBuildFile; fileRef = E63DBBA828D80D21001497B1 /* Assets.xcassets */; };
		E63DBBAC28D80D22001497B1 /* LaunchScreen.storyboard in Resources */ = {isa = PBXBuildFile; fileRef = E63DBBAA28D80D22001497B1 /* LaunchScreen.storyboard */; };
		E63DBBAF28D80D22001497B1 /* main.m in Sources */ = {isa = PBXBuildFile; fileRef = E63DBBAE28D80D22001497B1 /* main.m */; };
		E63DBBB928D80D22001497B1 /* BTObjectiveCDetailTests.m in Sources */ = {isa = PBXBuildFile; fileRef = E63DBBB828D80D22001497B1 /* BTObjectiveCDetailTests.m */; };
		E63DBBC328D80D22001497B1 /* BTObjectiveCDetailUITests.m in Sources */ = {isa = PBXBuildFile; fileRef = E63DBBC228D80D22001497B1 /* BTObjectiveCDetailUITests.m */; };
		E63DBBC528D80D22001497B1 /* BTObjectiveCDetailUITestsLaunchTests.m in Sources */ = {isa = PBXBuildFile; fileRef = E63DBBC428D80D22001497B1 /* BTObjectiveCDetailUITestsLaunchTests.m */; };
/* End PBXBuildFile section */

/* Begin PBXContainerItemProxy section */
		E63DBBB528D80D22001497B1 /* PBXContainerItemProxy */ = {
			isa = PBXContainerItemProxy;
			containerPortal = E63DBB9128D80D1F001497B1 /* Project object */;
			proxyType = 1;
			remoteGlobalIDString = E63DBB9828D80D1F001497B1;
			remoteInfo = BTObjectiveCDetail;
		};
		E63DBBBF28D80D22001497B1 /* PBXContainerItemProxy */ = {
			isa = PBXContainerItemProxy;
			containerPortal = E63DBB9128D80D1F001497B1 /* Project object */;
			proxyType = 1;
			remoteGlobalIDString = E63DBB9828D80D1F001497B1;
			remoteInfo = BTObjectiveCDetail;
		};
/* End PBXContainerItemProxy section */

/* Begin PBXFileReference section */
		E60F8BD328D965FF00414868 /* BTViewController.h */ = {isa = PBXFileReference; lastKnownFileType = sourcecode.c.h; path = BTViewController.h; sourceTree = "<group>"; };
		E60F8BD428D965FF00414868 /* BTViewController.m */ = {isa = PBXFileReference; lastKnownFileType = sourcecode.c.objc; path = BTViewController.m; sourceTree = "<group>"; };
		E60F8BD628D9977100414868 /* NSString+BT.h */ = {isa = PBXFileReference; lastKnownFileType = sourcecode.c.h; path = "NSString+BT.h"; sourceTree = "<group>"; };
		E60F8BD728D9977100414868 /* NSString+BT.m */ = {isa = PBXFileReference; lastKnownFileType = sourcecode.c.objc; path = "NSString+BT.m"; sourceTree = "<group>"; };
		E60F8BE328D9ACD300414868 /* BTHandler.h */ = {isa = PBXFileReference; lastKnownFileType = sourcecode.c.h; path = BTHandler.h; sourceTree = "<group>"; };
		E60F8BE428D9ACD300414868 /* BTHandler.m */ = {isa = PBXFileReference; lastKnownFileType = sourcecode.c.objc; path = BTHandler.m; sourceTree = "<group>"; };
		E63DBB9928D80D1F001497B1 /* BTObjectiveCDetail.app */ = {isa = PBXFileReference; explicitFileType = wrapper.application; includeInIndex = 0; path = BTObjectiveCDetail.app; sourceTree = BUILT_PRODUCTS_DIR; };
		E63DBB9C28D80D1F001497B1 /* AppDelegate.h */ = {isa = PBXFileReference; lastKnownFileType = sourcecode.c.h; path = AppDelegate.h; sourceTree = "<group>"; };
		E63DBB9D28D80D1F001497B1 /* AppDelegate.m */ = {isa = PBXFileReference; lastKnownFileType = sourcecode.c.objc; path = AppDelegate.m; sourceTree = "<group>"; };
		E63DBB9F28D80D1F001497B1 /* SceneDelegate.h */ = {isa = PBXFileReference; lastKnownFileType = sourcecode.c.h; path = SceneDelegate.h; sourceTree = "<group>"; };
		E63DBBA028D80D1F001497B1 /* SceneDelegate.m */ = {isa = PBXFileReference; lastKnownFileType = sourcecode.c.objc; path = SceneDelegate.m; sourceTree = "<group>"; };
		E63DBBA228D80D1F001497B1 /* ViewController.h */ = {isa = PBXFileReference; lastKnownFileType = sourcecode.c.h; path = ViewController.h; sourceTree = "<group>"; };
		E63DBBA328D80D1F001497B1 /* ViewController.m */ = {isa = PBXFileReference; lastKnownFileType = sourcecode.c.objc; path = ViewController.m; sourceTree = "<group>"; };
		E63DBBA628D80D1F001497B1 /* Base */ = {isa = PBXFileReference; lastKnownFileType = file.storyboard; name = Base; path = Base.lproj/Main.storyboard; sourceTree = "<group>"; };
		E63DBBA828D80D21001497B1 /* Assets.xcassets */ = {isa = PBXFileReference; lastKnownFileType = folder.assetcatalog; path = Assets.xcassets; sourceTree = "<group>"; };
		E63DBBAB28D80D22001497B1 /* Base */ = {isa = PBXFileReference; lastKnownFileType = file.storyboard; name = Base; path = Base.lproj/LaunchScreen.storyboard; sourceTree = "<group>"; };
		E63DBBAD28D80D22001497B1 /* Info.plist */ = {isa = PBXFileReference; lastKnownFileType = text.plist.xml; path = Info.plist; sourceTree = "<group>"; };
		E63DBBAE28D80D22001497B1 /* main.m */ = {isa = PBXFileReference; lastKnownFileType = sourcecode.c.objc; path = main.m; sourceTree = "<group>"; };
		E63DBBB428D80D22001497B1 /* BTObjectiveCDetailTests.xctest */ = {isa = PBXFileReference; explicitFileType = wrapper.cfbundle; includeInIndex = 0; path = BTObjectiveCDetailTests.xctest; sourceTree = BUILT_PRODUCTS_DIR; };
		E63DBBB828D80D22001497B1 /* BTObjectiveCDetailTests.m */ = {isa = PBXFileReference; lastKnownFileType = sourcecode.c.objc; path = BTObjectiveCDetailTests.m; sourceTree = "<group>"; };
		E63DBBBE28D80D22001497B1 /* BTObjectiveCDetailUITests.xctest */ = {isa = PBXFileReference; explicitFileType = wrapper.cfbundle; includeInIndex = 0; path = BTObjectiveCDetailUITests.xctest; sourceTree = BUILT_PRODUCTS_DIR; };
		E63DBBC228D80D22001497B1 /* BTObjectiveCDetailUITests.m */ = {isa = PBXFileReference; lastKnownFileType = sourcecode.c.objc; path = BTObjectiveCDetailUITests.m; sourceTree = "<group>"; };
		E63DBBC428D80D22001497B1 /* BTObjectiveCDetailUITestsLaunchTests.m */ = {isa = PBXFileReference; lastKnownFileType = sourcecode.c.objc; path = BTObjectiveCDetailUITestsLaunchTests.m; sourceTree = "<group>"; };
/* End PBXFileReference section */

/* Begin PBXFrameworksBuildPhase section */
		E63DBB9628D80D1F001497B1 /* Frameworks */ = {
			isa = PBXFrameworksBuildPhase;
			buildActionMask = 2147483647;
			files = (
			);
			runOnlyForDeploymentPostprocessing = 0;
		};
		E63DBBB128D80D22001497B1 /* Frameworks */ = {
			isa = PBXFrameworksBuildPhase;
			buildActionMask = 2147483647;
			files = (
			);
			runOnlyForDeploymentPostprocessing = 0;
		};
		E63DBBBB28D80D22001497B1 /* Frameworks */ = {
			isa = PBXFrameworksBuildPhase;
			buildActionMask = 2147483647;
			files = (
			);
			runOnlyForDeploymentPostprocessing = 0;
		};
/* End PBXFrameworksBuildPhase section */

/* Begin PBXGroup section */
		E63DBB9028D80D1F001497B1 = {
			isa = PBXGroup;
			children = (
				E63DBB9B28D80D1F001497B1 /* BTObjectiveCDetail */,
				E63DBBB728D80D22001497B1 /* BTObjectiveCDetailTests */,
				E63DBBC128D80D22001497B1 /* BTObjectiveCDetailUITests */,
				E63DBB9A28D80D1F001497B1 /* Products */,
			);
			sourceTree = "<group>";
		};
		E63DBB9A28D80D1F001497B1 /* Products */ = {
			isa = PBXGroup;
			children = (
				E63DBB9928D80D1F001497B1 /* BTObjectiveCDetail.app */,
				E63DBBB428D80D22001497B1 /* BTObjectiveCDetailTests.xctest */,
				E63DBBBE28D80D22001497B1 /* BTObjectiveCDetailUITests.xctest */,
			);
			name = Products;
			sourceTree = "<group>";
		};
		E63DBB9B28D80D1F001497B1 /* BTObjectiveCDetail */ = {
			isa = PBXGroup;
			children = (
				E63DBB9C28D80D1F001497B1 /* AppDelegate.h */,
				E63DBB9D28D80D1F001497B1 /* AppDelegate.m */,
				E63DBB9F28D80D1F001497B1 /* SceneDelegate.h */,
				E63DBBA028D80D1F001497B1 /* SceneDelegate.m */,
				E63DBBA228D80D1F001497B1 /* ViewController.h */,
				E63DBBA328D80D1F001497B1 /* ViewController.m */,
				E60F8BD328D965FF00414868 /* BTViewController.h */,
				E60F8BD428D965FF00414868 /* BTViewController.m */,
				E60F8BE328D9ACD300414868 /* BTHandler.h */,
				E60F8BE428D9ACD300414868 /* BTHandler.m */,
				E60F8BD628D9977100414868 /* NSString+BT.h */,
				E60F8BD728D9977100414868 /* NSString+BT.m */,
				E63DBBA528D80D1F001497B1 /* Main.storyboard */,
				E63DBBA828D80D21001497B1 /* Assets.xcassets */,
				E63DBBAA28D80D22001497B1 /* LaunchScreen.storyboard */,
				E63DBBAD28D80D22001497B1 /* Info.plist */,
				E63DBBAE28D80D22001497B1 /* main.m */,
			);
			path = BTObjectiveCDetail;
			sourceTree = "<group>";
		};
		E63DBBB728D80D22001497B1 /* BTObjectiveCDetailTests */ = {
			isa = PBXGroup;
			children = (
				E63DBBB828D80D22001497B1 /* BTObjectiveCDetailTests.m */,
			);
			path = BTObjectiveCDetailTests;
			sourceTree = "<group>";
		};
		E63DBBC128D80D22001497B1 /* BTObjectiveCDetailUITests */ = {
			isa = PBXGroup;
			children = (
				E63DBBC228D80D22001497B1 /* BTObjectiveCDetailUITests.m */,
				E63DBBC428D80D22001497B1 /* BTObjectiveCDetailUITestsLaunchTests.m */,
			);
			path = BTObjectiveCDetailUITests;
			sourceTree = "<group>";
		};
/* End PBXGroup section */

/* Begin PBXNativeTarget section */
		E63DBB9828D80D1F001497B1 /* BTObjectiveCDetail */ = {
			isa = PBXNativeTarget;
			buildConfigurationList = E63DBBC828D80D22001497B1 /* Build configuration list for PBXNativeTarget "BTObjectiveCDetail" */;
			buildPhases = (
				E63DBB9528D80D1F001497B1 /* Sources */,
				E63DBB9628D80D1F001497B1 /* Frameworks */,
				E63DBB9728D80D1F001497B1 /* Resources */,
			);
			buildRules = (
			);
			dependencies = (
			);
			name = BTObjectiveCDetail;
			productName = BTObjectiveCDetail;
			productReference = E63DBB9928D80D1F001497B1 /* BTObjectiveCDetail.app */;
			productType = "com.apple.product-type.application";
		};
		E63DBBB328D80D22001497B1 /* BTObjectiveCDetailTests */ = {
			isa = PBXNativeTarget;
			buildConfigurationList = E63DBBCB28D80D22001497B1 /* Build configuration list for PBXNativeTarget "BTObjectiveCDetailTests" */;
			buildPhases = (
				E63DBBB028D80D22001497B1 /* Sources */,
				E63DBBB128D80D22001497B1 /* Frameworks */,
				E63DBBB228D80D22001497B1 /* Resources */,
			);
			buildRules = (
			);
			dependencies = (
				E63DBBB628D80D22001497B1 /* PBXTargetDependency */,
			);
			name = BTObjectiveCDetailTests;
			productName = BTObjectiveCDetailTests;
			productReference = E63DBBB428D80D22001497B1 /* BTObjectiveCDetailTests.xctest */;
			productType = "com.apple.product-type.bundle.unit-test";
		};
		E63DBBBD28D80D22001497B1 /* BTObjectiveCDetailUITests */ = {
			isa = PBXNativeTarget;
			buildConfigurationList = E63DBBCE28D80D22001497B1 /* Build configuration list for PBXNativeTarget "BTObjectiveCDetailUITests" */;
			buildPhases = (
				E63DBBBA28D80D22001497B1 /* Sources */,
				E63DBBBB28D80D22001497B1 /* Frameworks */,
				E63DBBBC28D80D22001497B1 /* Resources */,
			);
			buildRules = (
			);
			dependencies = (
				E63DBBC028D80D22001497B1 /* PBXTargetDependency */,
			);
			name = BTObjectiveCDetailUITests;
			productName = BTObjectiveCDetailUITests;
			productReference = E63DBBBE28D80D22001497B1 /* BTObjectiveCDetailUITests.xctest */;
			productType = "com.apple.product-type.bundle.ui-testing";
		};
/* End PBXNativeTarget section */

/* Begin PBXProject section */
		E63DBB9128D80D1F001497B1 /* Project object */ = {
			isa = PBXProject;
			attributes = {
				BuildIndependentTargetsInParallel = 1;
				LastUpgradeCheck = 1320;
				TargetAttributes = {
					E63DBB9828D80D1F001497B1 = {
						CreatedOnToolsVersion = 13.2.1;
					};
					E63DBBB328D80D22001497B1 = {
						CreatedOnToolsVersion = 13.2.1;
						TestTargetID = E63DBB9828D80D1F001497B1;
					};
					E63DBBBD28D80D22001497B1 = {
						CreatedOnToolsVersion = 13.2.1;
						TestTargetID = E63DBB9828D80D1F001497B1;
					};
				};
			};
			buildConfigurationList = E63DBB9428D80D1F001497B1 /* Build configuration list for PBXProject "BTObjectiveCDetail" */;
			compatibilityVersion = "Xcode 13.0";
			developmentRegion = en;
			hasScannedForEncodings = 0;
			knownRegions = (
				en,
				Base,
			);
			mainGroup = E63DBB9028D80D1F001497B1;
			productRefGroup = E63DBB9A28D80D1F001497B1 /* Products */;
			projectDirPath = "";
			projectRoot = "";
			targets = (
				E63DBB9828D80D1F001497B1 /* BTObjectiveCDetail */,
				E63DBBB328D80D22001497B1 /* BTObjectiveCDetailTests */,
				E63DBBBD28D80D22001497B1 /* BTObjectiveCDetailUITests */,
			);
		};
/* End PBXProject section */

/* Begin PBXResourcesBuildPhase section */
		E63DBB9728D80D1F001497B1 /* Resources */ = {
			isa = PBXResourcesBuildPhase;
			buildActionMask = 2147483647;
			files = (
				E63DBBAC28D80D22001497B1 /* LaunchScreen.storyboard in Resources */,
				E63DBBA928D80D21001497B1 /* Assets.xcassets in Resources */,
				E63DBBA728D80D1F001497B1 /* Main.storyboard in Resources */,
			);
			runOnlyForDeploymentPostprocessing = 0;
		};
		E63DBBB228D80D22001497B1 /* Resources */ = {
			isa = PBXResourcesBuildPhase;
			buildActionMask = 2147483647;
			files = (
			);
			runOnlyForDeploymentPostprocessing = 0;
		};
		E63DBBBC28D80D22001497B1 /* Resources */ = {
			isa = PBXResourcesBuildPhase;
			buildActionMask = 2147483647;
			files = (
			);
			runOnlyForDeploymentPostprocessing = 0;
		};
/* End PBXResourcesBuildPhase section */

/* Begin PBXSourcesBuildPhase section */
		E63DBB9528D80D1F001497B1 /* Sources */ = {
			isa = PBXSourcesBuildPhase;
			buildActionMask = 2147483647;
			files = (
				E63DBBA428D80D1F001497B1 /* ViewController.m in Sources */,
				E60F8BD828D9977100414868 /* NSString+BT.m in Sources */,
				E63DBB9E28D80D1F001497B1 /* AppDelegate.m in Sources */,
				E63DBBAF28D80D22001497B1 /* main.m in Sources */,
				E60F8BE528D9ACD300414868 /* BTHandler.m in Sources */,
				E63DBBA128D80D1F001497B1 /* SceneDelegate.m in Sources */,
				E60F8BD528D965FF00414868 /* BTViewController.m in Sources */,
			);
			runOnlyForDeploymentPostprocessing = 0;
		};
		E63DBBB028D80D22001497B1 /* Sources */ = {
			isa = PBXSourcesBuildPhase;
			buildActionMask = 2147483647;
			files = (
				E63DBBB928D80D22001497B1 /* BTObjectiveCDetailTests.m in Sources */,
			);
			runOnlyForDeploymentPostprocessing = 0;
		};
		E63DBBBA28D80D22001497B1 /* Sources */ = {
			isa = PBXSourcesBuildPhase;
			buildActionMask = 2147483647;
			files = (
				E63DBBC328D80D22001497B1 /* BTObjectiveCDetailUITests.m in Sources */,
				E63DBBC528D80D22001497B1 /* BTObjectiveCDetailUITestsLaunchTests.m in Sources */,
			);
			runOnlyForDeploymentPostprocessing = 0;
		};
/* End PBXSourcesBuildPhase section */

/* Begin PBXTargetDependency section */
		E63DBBB628D80D22001497B1 /* PBXTargetDependency */ = {
			isa = PBXTargetDependency;
			target = E63DBB9828D80D1F001497B1 /* BTObjectiveCDetail */;
			targetProxy = E63DBBB528D80D22001497B1 /* PBXContainerItemProxy */;
		};
		E63DBBC028D80D22001497B1 /* PBXTargetDependency */ = {
			isa = PBXTargetDependency;
			target = E63DBB9828D80D1F001497B1 /* BTObjectiveCDetail */;
			targetProxy = E63DBBBF28D80D22001497B1 /* PBXContainerItemProxy */;
		};
/* End PBXTargetDependency section */

/* Begin PBXVariantGroup section */
		E63DBBA528D80D1F001497B1 /* Main.storyboard */ = {
			isa = PBXVariantGroup;
			children = (
				E63DBBA628D80D1F001497B1 /* Base */,
			);
			name = Main.storyboard;
			sourceTree = "<group>";
		};
		E63DBBAA28D80D22001497B1 /* LaunchScreen.storyboard */ = {
			isa = PBXVariantGroup;
			children = (
				E63DBBAB28D80D22001497B1 /* Base */,
			);
			name = LaunchScreen.storyboard;
			sourceTree = "<group>";
		};
/* End PBXVariantGroup section */

/* Begin XCBuildConfiguration section */
		E63DBBC628D80D22001497B1 /* Debug */ = {
			isa = XCBuildConfiguration;
			buildSettings = {
				ALWAYS_SEARCH_USER_PATHS = NO;
				CLANG_ANALYZER_NONNULL = YES;
				CLANG_ANALYZER_NUMBER_OBJECT_CONVERSION = YES_AGGRESSIVE;
				CLANG_CXX_LANGUAGE_STANDARD = "gnu++17";
				CLANG_CXX_LIBRARY = "libc++";
				CLANG_ENABLE_MODULES = YES;
				CLANG_ENABLE_OBJC_ARC = YES;
				CLANG_ENABLE_OBJC_WEAK = YES;
				CLANG_WARN_BLOCK_CAPTURE_AUTORELEASING = YES;
				CLANG_WARN_BOOL_CONVERSION = YES;
				CLANG_WARN_COMMA = YES;
				CLANG_WARN_CONSTANT_CONVERSION = YES;
				CLANG_WARN_DEPRECATED_OBJC_IMPLEMENTATIONS = YES;
				CLANG_WARN_DIRECT_OBJC_ISA_USAGE = YES_ERROR;
				CLANG_WARN_DOCUMENTATION_COMMENTS = YES;
				CLANG_WARN_EMPTY_BODY = YES;
				CLANG_WARN_ENUM_CONVERSION = YES;
				CLANG_WARN_INFINITE_RECURSION = YES;
				CLANG_WARN_INT_CONVERSION = YES;
				CLANG_WARN_NON_LITERAL_NULL_CONVERSION = YES;
				CLANG_WARN_OBJC_IMPLICIT_RETAIN_SELF = YES;
				CLANG_WARN_OBJC_LITERAL_CONVERSION = YES;
				CLANG_WARN_OBJC_ROOT_CLASS = YES_ERROR;
				CLANG_WARN_QUOTED_INCLUDE_IN_FRAMEWORK_HEADER = YES;
				CLANG_WARN_RANGE_LOOP_ANALYSIS = YES;
				CLANG_WARN_STRICT_PROTOTYPES = YES;
				CLANG_WARN_SUSPICIOUS_MOVE = YES;
				CLANG_WARN_UNGUARDED_AVAILABILITY = YES_AGGRESSIVE;
				CLANG_WARN_UNREACHABLE_CODE = YES;
				CLANG_WARN__DUPLICATE_METHOD_MATCH = YES;
				COPY_PHASE_STRIP = NO;
				DEBUG_INFORMATION_FORMAT = dwarf;
				ENABLE_STRICT_OBJC_MSGSEND = YES;
				ENABLE_TESTABILITY = YES;
				GCC_C_LANGUAGE_STANDARD = gnu11;
				GCC_DYNAMIC_NO_PIC = NO;
				GCC_NO_COMMON_BLOCKS = YES;
				GCC_OPTIMIZATION_LEVEL = 0;
				GCC_PREPROCESSOR_DEFINITIONS = (
					"DEBUG=1",
					"$(inherited)",
				);
				GCC_WARN_64_TO_32_BIT_CONVERSION = YES;
				GCC_WARN_ABOUT_RETURN_TYPE = YES_ERROR;
				GCC_WARN_UNDECLARED_SELECTOR = YES;
				GCC_WARN_UNINITIALIZED_AUTOS = YES_AGGRESSIVE;
				GCC_WARN_UNUSED_FUNCTION = YES;
				GCC_WARN_UNUSED_VARIABLE = YES;
				IPHONEOS_DEPLOYMENT_TARGET = 15.2;
				MTL_ENABLE_DEBUG_INFO = INCLUDE_SOURCE;
				MTL_FAST_MATH = YES;
				ONLY_ACTIVE_ARCH = YES;
				SDKROOT = iphoneos;
			};
			name = Debug;
		};
		E63DBBC728D80D22001497B1 /* Release */ = {
			isa = XCBuildConfiguration;
			buildSettings = {
				ALWAYS_SEARCH_USER_PATHS = NO;
				CLANG_ANALYZER_NONNULL = YES;
				CLANG_ANALYZER_NUMBER_OBJECT_CONVERSION = YES_AGGRESSIVE;
				CLANG_CXX_LANGUAGE_STANDARD = "gnu++17";
				CLANG_CXX_LIBRARY = "libc++";
				CLANG_ENABLE_MODULES = YES;
				CLANG_ENABLE_OBJC_ARC = YES;
				CLANG_ENABLE_OBJC_WEAK = YES;
				CLANG_WARN_BLOCK_CAPTURE_AUTORELEASING = YES;
				CLANG_WARN_BOOL_CONVERSION = YES;
				CLANG_WARN_COMMA = YES;
				CLANG_WARN_CONSTANT_CONVERSION = YES;
				CLANG_WARN_DEPRECATED_OBJC_IMPLEMENTATIONS = YES;
				CLANG_WARN_DIRECT_OBJC_ISA_USAGE = YES_ERROR;
				CLANG_WARN_DOCUMENTATION_COMMENTS = YES;
				CLANG_WARN_EMPTY_BODY = YES;
				CLANG_WARN_ENUM_CONVERSION = YES;
				CLANG_WARN_INFINITE_RECURSION = YES;
				CLANG_WARN_INT_CONVERSION = YES;
				CLANG_WARN_NON_LITERAL_NULL_CONVERSION = YES;
				CLANG_WARN_OBJC_IMPLICIT_RETAIN_SELF = YES;
				CLANG_WARN_OBJC_LITERAL_CONVERSION = YES;
				CLANG_WARN_OBJC_ROOT_CLASS = YES_ERROR;
				CLANG_WARN_QUOTED_INCLUDE_IN_FRAMEWORK_HEADER = YES;
				CLANG_WARN_RANGE_LOOP_ANALYSIS = YES;
				CLANG_WARN_STRICT_PROTOTYPES = YES;
				CLANG_WARN_SUSPICIOUS_MOVE = YES;
				CLANG_WARN_UNGUARDED_AVAILABILITY = YES_AGGRESSIVE;
				CLANG_WARN_UNREACHABLE_CODE = YES;
				CLANG_WARN__DUPLICATE_METHOD_MATCH = YES;
				COPY_PHASE_STRIP = NO;
				DEBUG_INFORMATION_FORMAT = "dwarf-with-dsym";
				ENABLE_NS_ASSERTIONS = NO;
				ENABLE_STRICT_OBJC_MSGSEND = YES;
				GCC_C_LANGUAGE_STANDARD = gnu11;
				GCC_NO_COMMON_BLOCKS = YES;
				GCC_WARN_64_TO_32_BIT_CONVERSION = YES;
				GCC_WARN_ABOUT_RETURN_TYPE = YES_ERROR;
				GCC_WARN_UNDECLARED_SELECTOR = YES;
				GCC_WARN_UNINITIALIZED_AUTOS = YES_AGGRESSIVE;
				GCC_WARN_UNUSED_FUNCTION = YES;
				GCC_WARN_UNUSED_VARIABLE = YES;
				IPHONEOS_DEPLOYMENT_TARGET = 15.2;
				MTL_ENABLE_DEBUG_INFO = NO;
				MTL_FAST_MATH = YES;
				SDKROOT = iphoneos;
				VALIDATE_PRODUCT = YES;
			};
			name = Release;
		};
		E63DBBC928D80D22001497B1 /* Debug */ = {
			isa = XCBuildConfiguration;
			buildSettings = {
				ASSETCATALOG_COMPILER_APPICON_NAME = AppIcon;
				ASSETCATALOG_COMPILER_GLOBAL_ACCENT_COLOR_NAME = AccentColor;
				CODE_SIGN_STYLE = Automatic;
				CURRENT_PROJECT_VERSION = 1;
				GENERATE_INFOPLIST_FILE = YES;
				INFOPLIST_FILE = BTObjectiveCDetail/Info.plist;
				INFOPLIST_KEY_UIApplicationSupportsIndirectInputEvents = YES;
				INFOPLIST_KEY_UILaunchStoryboardName = LaunchScreen;
				INFOPLIST_KEY_UIMainStoryboardFile = Main;
				INFOPLIST_KEY_UISupportedInterfaceOrientations_iPad = "UIInterfaceOrientationPortrait UIInterfaceOrientationPortraitUpsideDown UIInterfaceOrientationLandscapeLeft UIInterfaceOrientationLandscapeRight";
				INFOPLIST_KEY_UISupportedInterfaceOrientations_iPhone = "UIInterfaceOrientationPortrait UIInterfaceOrientationLandscapeLeft UIInterfaceOrientationLandscapeRight";
				LD_RUNPATH_SEARCH_PATHS = (
					"$(inherited)",
					"@executable_path/Frameworks",
				);
				MARKETING_VERSION = 1.0;
				PRODUCT_BUNDLE_IDENTIFIER = BT.BTObjectiveCDetail;
				PRODUCT_NAME = "$(TARGET_NAME)";
				SWIFT_EMIT_LOC_STRINGS = YES;
				TARGETED_DEVICE_FAMILY = "1,2";
			};
			name = Debug;
		};
		E63DBBCA28D80D22001497B1 /* Release */ = {
			isa = XCBuildConfiguration;
			buildSettings = {
				ASSETCATALOG_COMPILER_APPICON_NAME = AppIcon;
				ASSETCATALOG_COMPILER_GLOBAL_ACCENT_COLOR_NAME = AccentColor;
				CODE_SIGN_STYLE = Automatic;
				CURRENT_PROJECT_VERSION = 1;
				GENERATE_INFOPLIST_FILE = YES;
				INFOPLIST_FILE = BTObjectiveCDetail/Info.plist;
				INFOPLIST_KEY_UIApplicationSupportsIndirectInputEvents = YES;
				INFOPLIST_KEY_UILaunchStoryboardName = LaunchScreen;
				INFOPLIST_KEY_UIMainStoryboardFile = Main;
				INFOPLIST_KEY_UISupportedInterfaceOrientations_iPad = "UIInterfaceOrientationPortrait UIInterfaceOrientationPortraitUpsideDown UIInterfaceOrientationLandscapeLeft UIInterfaceOrientationLandscapeRight";
				INFOPLIST_KEY_UISupportedInterfaceOrientations_iPhone = "UIInterfaceOrientationPortrait UIInterfaceOrientationLandscapeLeft UIInterfaceOrientationLandscapeRight";
				LD_RUNPATH_SEARCH_PATHS = (
					"$(inherited)",
					"@executable_path/Frameworks",
				);
				MARKETING_VERSION = 1.0;
				PRODUCT_BUNDLE_IDENTIFIER = BT.BTObjectiveCDetail;
				PRODUCT_NAME = "$(TARGET_NAME)";
				SWIFT_EMIT_LOC_STRINGS = YES;
				TARGETED_DEVICE_FAMILY = "1,2";
			};
			name = Release;
		};
		E63DBBCC28D80D22001497B1 /* Debug */ = {
			isa = XCBuildConfiguration;
			buildSettings = {
				BUNDLE_LOADER = "$(TEST_HOST)";
				CODE_SIGN_STYLE = Automatic;
				CURRENT_PROJECT_VERSION = 1;
				GENERATE_INFOPLIST_FILE = YES;
				IPHONEOS_DEPLOYMENT_TARGET = 15.2;
				MARKETING_VERSION = 1.0;
				PRODUCT_BUNDLE_IDENTIFIER = BT.BTObjectiveCDetailTests;
				PRODUCT_NAME = "$(TARGET_NAME)";
				SWIFT_EMIT_LOC_STRINGS = NO;
				TARGETED_DEVICE_FAMILY = "1,2";
				TEST_HOST = "$(BUILT_PRODUCTS_DIR)/BTObjectiveCDetail.app/BTObjectiveCDetail";
			};
			name = Debug;
		};
		E63DBBCD28D80D22001497B1 /* Release */ = {
			isa = XCBuildConfiguration;
			buildSettings = {
				BUNDLE_LOADER = "$(TEST_HOST)";
				CODE_SIGN_STYLE = Automatic;
				CURRENT_PROJECT_VERSION = 1;
				GENERATE_INFOPLIST_FILE = YES;
				IPHONEOS_DEPLOYMENT_TARGET = 15.2;
				MARKETING_VERSION = 1.0;
				PRODUCT_BUNDLE_IDENTIFIER = BT.BTObjectiveCDetailTests;
				PRODUCT_NAME = "$(TARGET_NAME)";
				SWIFT_EMIT_LOC_STRINGS = NO;
				TARGETED_DEVICE_FAMILY = "1,2";
				TEST_HOST = "$(BUILT_PRODUCTS_DIR)/BTObjectiveCDetail.app/BTObjectiveCDetail";
			};
			name = Release;
		};
		E63DBBCF28D80D22001497B1 /* Debug */ = {
			isa = XCBuildConfiguration;
			buildSettings = {
				CODE_SIGN_STYLE = Automatic;
				CURRENT_PROJECT_VERSION = 1;
				GENERATE_INFOPLIST_FILE = YES;
				MARKETING_VERSION = 1.0;
				PRODUCT_BUNDLE_IDENTIFIER = BT.BTObjectiveCDetailUITests;
				PRODUCT_NAME = "$(TARGET_NAME)";
				SWIFT_EMIT_LOC_STRINGS = NO;
				TARGETED_DEVICE_FAMILY = "1,2";
				TEST_TARGET_NAME = BTObjectiveCDetail;
			};
			name = Debug;
		};
		E63DBBD028D80D22001497B1 /* Release */ = {
			isa = XCBuildConfiguration;
			buildSettings = {
				CODE_SIGN_STYLE = Automatic;
				CURRENT_PROJECT_VERSION = 1;
				GENERATE_INFOPLIST_FILE = YES;
				MARKETING_VERSION = 1.0;
				PRODUCT_BUNDLE_IDENTIFIER = BT.BTObjectiveCDetailUITests;
				PRODUCT_NAME = "$(TARGET_NAME)";
				SWIFT_EMIT_LOC_STRINGS = NO;
				TARGETED_DEVICE_FAMILY = "1,2";
				TEST_TARGET_NAME = BTObjectiveCDetail;
			};
			name = Release;
		};
/* End XCBuildConfiguration section */

/* Begin XCConfigurationList section */
		E63DBB9428D80D1F001497B1 /* Build configuration list for PBXProject "BTObjectiveCDetail" */ = {
			isa = XCConfigurationList;
			buildConfigurations = (
				E63DBBC628D80D22001497B1 /* Debug */,
				E63DBBC728D80D22001497B1 /* Release */,
			);
			defaultConfigurationIsVisible = 0;
			defaultConfigurationName = Release;
		};
		E63DBBC828D80D22001497B1 /* Build configuration list for PBXNativeTarget "BTObjectiveCDetail" */ = {
			isa = XCConfigurationList;
			buildConfigurations = (
				E63DBBC928D80D22001497B1 /* Debug */,
				E63DBBCA28D80D22001497B1 /* Release */,
			);
			defaultConfigurationIsVisible = 0;
			defaultConfigurationName = Release;
		};
		E63DBBCB28D80D22001497B1 /* Build configuration list for PBXNativeTarget "BTObjectiveCDetailTests" */ = {
			isa = XCConfigurationList;
			buildConfigurations = (
				E63DBBCC28D80D22001497B1 /* Debug */,
				E63DBBCD28D80D22001497B1 /* Release */,
			);
			defaultConfigurationIsVisible = 0;
			defaultConfigurationName = Release;
		};
		E63DBBCE28D80D22001497B1 /* Build configuration list for PBXNativeTarget "BTObjectiveCDetailUITests" */ = {
			isa = XCConfigurationList;
			buildConfigurations = (
				E63DBBCF28D80D22001497B1 /* Debug */,
				E63DBBD028D80D22001497B1 /* Release */,
			);
			defaultConfigurationIsVisible = 0;
			defaultConfigurationName = Release;
		};
/* End XCConfigurationList section */
	};
	rootObject = E63DBB9128D80D1F001497B1 /* Project object */;
}
